
Microsoft Visual Studio Solution File, Format Version 11.00
# Visual Studio 2010
# SharpDevelop 5.1
Project("{FAE04EC0-301F-11D3-BF4B-00C04F79EFBC}") = "NOC_DashBoard", "NOC_DashBoard\NOC_DashBoard.csproj", "{30882FF2-4F20-4BA7-8826-27588FA674AB}"
EndProject
Global
	GlobalSection(SolutionConfigurationPlatforms) = preSolution
		Debug|Any CPU = Debug|Any CPU
		Release|Any CPU = Release|Any CPU
	EndGlobalSection
	GlobalSection(ProjectConfigurationPlatforms) = postSolution
		{30882FF2-4F20-4BA7-8826-27588FA674AB}.Debug|Any CPU.ActiveCfg = Debug|Any CPU
		{30882FF2-4F20-4BA7-8826-27588FA674AB}.Debug|Any CPU.Build.0 = Debug|Any CPU
		{30882FF2-4F20-4BA7-8826-27588FA674AB}.Release|Any CPU.ActiveCfg = Release|Any CPU
		{30882FF2-4F20-4BA7-8826-27588FA674AB}.Release|Any CPU.Build.0 = Release|Any CPU
	EndGlobalSection
EndGlobal
